{
  "name": "new-package",
  "version": "1.0.0",
  "lockfileVersion": 3,
  "requires": true,
  "packages": {
    "": {
      "name": "new-package",
      "version": "1.0.0",
      "license": "ISC",
      "dependencies": {
        "greet-prasad": "^1.0.0"
      }
    },
    "node_modules/greet-prasad": {
      "version": "1.0.0",
      "resolved": "https://registry.npmjs.org/greet-prasad/-/greet-prasad-1.0.0.tgz",
      "integrity": "sha512-z/qHMFma3Dm7RWusyBNwCZgeQ9+GQXVPSHTp0qPpCpzy8R5DvlVSxnsskXou4FQSfBckEqsMLsb38GkTNVoO0Q=="
    }
  }
}
